
Microsoft Visual Studio Solution File, Format Version 12.00
# Visual Studio Version 17
VisualStudioVersion = 17.10.34916.146
MinimumVisualStudioVersion = 10.0.40219.1
Project("{FAE04EC0-301F-11D3-BF4B-00C04F79EFBC}") = "ParallelLearning", "ParallelLearning\ParallelLearning.csproj", "{E5BD1FF7-CCE7-4E1C-9D0F-8FCAC5ACAB83}"
EndProject
Global
	GlobalSection(SolutionConfigurationPlatforms) = preSolution
		Debug|Any CPU = Debug|Any CPU
		Release|Any CPU = Release|Any CPU
	EndGlobalSection
	GlobalSection(ProjectConfigurationPlatforms) = postSolution
		{E5BD1FF7-CCE7-4E1C-9D0F-8FCAC5ACAB83}.Debug|Any CPU.ActiveCfg = Debug|Any CPU
		{E5BD1FF7-CCE7-4E1C-9D0F-8FCAC5ACAB83}.Debug|Any CPU.Build.0 = Debug|Any CPU
		{E5BD1FF7-CCE7-4E1C-9D0F-8FCAC5ACAB83}.Release|Any CPU.ActiveCfg = Release|Any CPU
		{E5BD1FF7-CCE7-4E1C-9D0F-8FCAC5ACAB83}.Release|Any CPU.Build.0 = Release|Any CPU
	EndGlobalSection
	GlobalSection(SolutionProperties) = preSolution
		HideSolutionNode = FALSE
	EndGlobalSection
	GlobalSection(ExtensibilityGlobals) = postSolution
		SolutionGuid = {C3CF90D5-6EEE-4E74-ACBF-DFE470A0C0FA}
	EndGlobalSection
EndGlobal
